
Microsoft Visual Studio Solution File, Format Version 12.00
# Visual Studio Version 17
VisualStudioVersion = 17.5.33516.290
MinimumVisualStudioVersion = 10.0.40219.1
Project("{9A19103F-16F7-4668-BE54-9A1E7A4F7556}") = "MSTTool", "MSTTool\MSTTool.csproj", "{DAE1B155-3197-4C6A-A447-E042DE7185F3}"
EndProject
Project("{9A19103F-16F7-4668-BE54-9A1E7A4F7556}") = "Todo.Core", "Todo.Core\Todo.Core.csproj", "{B0359C3C-B44F-4F18-9A7F-D879B7C368E4}"
EndProject
Project("{2150E333-8FDC-42A3-9474-1A3956D46DE8}") = "Solution Items", "Solution Items", "{FDD8D563-22DC-41E6-85FA-D39B72569A4E}"
	ProjectSection(SolutionItems) = preProject
		BugLists.http = BugLists.http
		Protocol.txt = Protocol.txt
		..\README.md = ..\README.md
		TestApi.http = TestApi.http
		TODO.txt = TODO.txt
	EndProjectSection
EndProject
Project("{9A19103F-16F7-4668-BE54-9A1E7A4F7556}") = "AWEngine", "Util\AWEngine.csproj", "{083F08DD-E098-40DD-977E-9CFEC444AE8D}"
EndProject
Global
	GlobalSection(SolutionConfigurationPlatforms) = preSolution
		Debug|Any CPU = Debug|Any CPU
		Release|Any CPU = Release|Any CPU
	EndGlobalSection
	GlobalSection(ProjectConfigurationPlatforms) = postSolution
		{DAE1B155-3197-4C6A-A447-E042DE7185F3}.Debug|Any CPU.ActiveCfg = Debug|Any CPU
		{DAE1B155-3197-4C6A-A447-E042DE7185F3}.Debug|Any CPU.Build.0 = Debug|Any CPU
		{DAE1B155-3197-4C6A-A447-E042DE7185F3}.Release|Any CPU.ActiveCfg = Release|Any CPU
		{DAE1B155-3197-4C6A-A447-E042DE7185F3}.Release|Any CPU.Build.0 = Release|Any CPU
		{B0359C3C-B44F-4F18-9A7F-D879B7C368E4}.Debug|Any CPU.ActiveCfg = Debug|Any CPU
		{B0359C3C-B44F-4F18-9A7F-D879B7C368E4}.Debug|Any CPU.Build.0 = Debug|Any CPU
		{B0359C3C-B44F-4F18-9A7F-D879B7C368E4}.Release|Any CPU.ActiveCfg = Release|Any CPU
		{B0359C3C-B44F-4F18-9A7F-D879B7C368E4}.Release|Any CPU.Build.0 = Release|Any CPU
		{083F08DD-E098-40DD-977E-9CFEC444AE8D}.Debug|Any CPU.ActiveCfg = Debug|Any CPU
		{083F08DD-E098-40DD-977E-9CFEC444AE8D}.Debug|Any CPU.Build.0 = Debug|Any CPU
		{083F08DD-E098-40DD-977E-9CFEC444AE8D}.Release|Any CPU.ActiveCfg = Release|Any CPU
		{083F08DD-E098-40DD-977E-9CFEC444AE8D}.Release|Any CPU.Build.0 = Release|Any CPU
	EndGlobalSection
	GlobalSection(SolutionProperties) = preSolution
		HideSolutionNode = FALSE
	EndGlobalSection
	GlobalSection(ExtensibilityGlobals) = postSolution
		SolutionGuid = {3A20161D-AB81-43A6-AD3C-7828D9859E7B}
	EndGlobalSection
EndGlobal
